<?xml version="1.0" encoding="utf-8"?>
<Project ToolsVersion="4.0" xmlns="http://schemas.microsoft.com/developer/msbuild/2003">
  <ItemGroup>
    <Filter Include="Source Files">
      <UniqueIdentifier>{4FC737F1-C7A5-4376-A066-2A32D752A2FF}</UniqueIdentifier>
      <Extensions>cpp;c;cc;cxx;c++;cppm;ixx;def;odl;idl;hpj;bat;asm;asmx</Extensions>
    </Filter>
    <Filter Include="Header Files">
      <UniqueIdentifier>{93995380-89BD-4b04-88EB-625FBE52EBFB}</UniqueIdentifier>
      <Extensions>h;hh;hpp;hxx;h++;hm;inl;inc;ipp;xsd</Extensions>
    </Filter>
    <Filter Include="Resource Files">
      <UniqueIdentifier>{67DA6AB6-F800-4c08-8B7A-83BB121AAD01}</UniqueIdentifier>
      <Extensions>rc;ico;cur;bmp;dlg;rc2;rct;bin;rgs;gif;jpg;jpeg;jpe;resx;tiff;tif;png;wav;mfcribbon-ms</Extensions>
    </Filter>
    <Filter Include="Header Files\Monsters">
      <UniqueIdentifier>{748b23ad-ddf3-4e00-9828-e46e0135d4c6}</UniqueIdentifier>
    </Filter>
    <Filter Include="Header Files\Dungeon">
      <UniqueIdentifier>{5828cbdc-758a-487f-ab22-d79d69bb4e1e}</UniqueIdentifier>
    </Filter>
    <Filter Include="Header Files\Rooms">
      <UniqueIdentifier>{f4856b4c-d2f2-45bc-acb4-e2ead42f2f34}</UniqueIdentifier>
    </Filter>
    <Filter Include="Source Files\Monsters">
      <UniqueIdentifier>{99a969b8-a518-4403-9f5e-e7e4bdccc84f}</UniqueIdentifier>
    </Filter>
    <Filter Include="Source Files\Dungeon">
      <UniqueIdentifier>{b93946a4-c3b7-4e02-bfd1-911f326f396d}</UniqueIdentifier>
    </Filter>
    <Filter Include="Source Files\Rooms">
      <UniqueIdentifier>{c24d2bbb-0d33-438e-ac12-dd92ee03e2fc}</UniqueIdentifier>
    </Filter>
    <Filter Include="Header Files\Weapons">
      <UniqueIdentifier>{85ce961c-9b37-4eab-a7a2-34f856a1daa4}</UniqueIdentifier>
    </Filter>
    <Filter Include="Source Files\Weapons">
      <UniqueIdentifier>{2742212c-f4e2-463f-b195-ac606d696c9c}</UniqueIdentifier>
    </Filter>
    <Filter Include="Header Files\Bosses">
      <UniqueIdentifier>{58faefdb-04c6-4bef-a5cc-473ad9163e34}</UniqueIdentifier>
    </Filter>
    <Filter Include="Source Files\Bosses">
      <UniqueIdentifier>{dacd5847-87ed-40bc-b821-82f4f73c3ba9}</UniqueIdentifier>
    </Filter>
    <Filter Include="Header Files\Items">
      <UniqueIdentifier>{d90ce8ef-b706-4dcd-afe6-04b4660a377b}</UniqueIdentifier>
    </Filter>
    <Filter Include="Source Files\Items">
      <UniqueIdentifier>{11984edd-f752-4fd8-a256-0597de1280b1}</UniqueIdentifier>
    </Filter>
  </ItemGroup>
  <ItemGroup>
    <ClCompile Include="main.cpp">
      <Filter>Source Files</Filter>
    </ClCompile>
    <ClCompile Include="Player.cpp">
      <Filter>Source Files</Filter>
    </ClCompile>
    <ClCompile Include="Game.cpp">
      <Filter>Source Files</Filter>
    </ClCompile>
    <ClCompile Include="Boar.cpp">
      <Filter>Source Files\Monsters</Filter>
    </ClCompile>
    <ClCompile Include="Goblin.cpp">
      <Filter>Source Files\Monsters</Filter>
    </ClCompile>
    <ClCompile Include="Monster.cpp">
      <Filter>Source Files\Monsters</Filter>
    </ClCompile>
    <ClCompile Include="Dungeon.cpp">
      <Filter>Source Files\Dungeon</Filter>
    </ClCompile>
    <ClCompile Include="EmptyRoom.cpp">
      <Filter>Source Files\Rooms</Filter>
    </ClCompile>
    <ClCompile Include="NormalRoom.cpp">
      <Filter>Source Files\Rooms</Filter>
    </ClCompile>
    <ClCompile Include="StartRoom.cpp">
      <Filter>Source Files\Rooms</Filter>
    </ClCompile>
    <ClCompile Include="TreasureRoom.cpp">
      <Filter>Source Files\Rooms</Filter>
    </ClCompile>
    <ClCompile Include="BossRoom.cpp">
      <Filter>Source Files\Rooms</Filter>
    </ClCompile>
    <ClCompile Include="Weapon.cpp">
      <Filter>Source Files\Weapons</Filter>
    </ClCompile>
    <ClCompile Include="MonsterFactory.cpp">
      <Filter>Source Files</Filter>
    </ClCompile>
    <ClCompile Include="Boss.cpp">
      <Filter>Source Files\Bosses</Filter>
    </ClCompile>
    <ClCompile Include="Potion.cpp">
      <Filter>Source Files\Items</Filter>
    </ClCompile>
    <ClCompile Include="DungeonsPrefab.cpp">
      <Filter>Source Files</Filter>
    </ClCompile>
  </ItemGroup>
  <ItemGroup>
    <ClInclude Include="Timer.h">
      <Filter>Header Files</Filter>
    </ClInclude>
    <ClInclude Include="Random.h">
      <Filter>Header Files</Filter>
    </ClInclude>
    <ClInclude Include="Player.h">
      <Filter>Header Files</Filter>
    </ClInclude>
    <ClInclude Include="Game.h">
      <Filter>Header Files</Filter>
    </ClInclude>
    <ClInclude Include="MonsterFactory.h">
      <Filter>Header Files</Filter>
    </ClInclude>
    <ClInclude Include="Monster.h">
      <Filter>Header Files\Monsters</Filter>
    </ClInclude>
    <ClInclude Include="Goblin.h">
      <Filter>Header Files\Monsters</Filter>
    </ClInclude>
    <ClInclude Include="Boar.h">
      <Filter>Header Files\Monsters</Filter>
    </ClInclude>
    <ClInclude Include="DungeonsPrefab.h">
      <Filter>Header Files\Dungeon</Filter>
    </ClInclude>
    <ClInclude Include="Dungeon.h">
      <Filter>Header Files\Dungeon</Filter>
    </ClInclude>
    <ClInclude Include="Room.h">
      <Filter>Header Files\Rooms</Filter>
    </ClInclude>
    <ClInclude Include="EmptyRoom.h">
      <Filter>Header Files\Rooms</Filter>
    </ClInclude>
    <ClInclude Include="NormalRoom.h">
      <Filter>Header Files\Rooms</Filter>
    </ClInclude>
    <ClInclude Include="TreasureRoom.h">
      <Filter>Header Files\Rooms</Filter>
    </ClInclude>
    <ClInclude Include="BossRoom.h">
      <Filter>Header Files\Rooms</Filter>
    </ClInclude>
    <ClInclude Include="StartRoom.h">
      <Filter>Header Files\Rooms</Filter>
    </ClInclude>
    <ClInclude Include="Weapon.h">
      <Filter>Header Files\Weapons</Filter>
    </ClInclude>
    <ClInclude Include="Boss.h">
      <Filter>Header Files\Bosses</Filter>
    </ClInclude>
    <ClInclude Include="Item.h">
      <Filter>Header Files\Items</Filter>
    </ClInclude>
    <ClInclude Include="Potion.h">
      <Filter>Header Files\Items</Filter>
    </ClInclude>
  </ItemGroup>
</Project>